
Microsoft Visual Studio Solution File, Format Version 12.00
# Visual Studio 2017
Project("{FAE04EC0-301F-11D3-BF4B-00C04F79EFBC}") = "The Great Man Theory", "The Great Man Theory.csproj", "{68402C09-2C23-BB93-AFFE-5F29D0B8F7B5}"
EndProject
Global
	GlobalSection(SolutionConfigurationPlatforms) = preSolution
		Debug|Any CPU = Debug|Any CPU
		Release|Any CPU = Release|Any CPU
	EndGlobalSection
	GlobalSection(ProjectConfigurationPlatforms) = postSolution
		{68402C09-2C23-BB93-AFFE-5F29D0B8F7B5}.Debug|Any CPU.ActiveCfg = Debug|Any CPU
		{68402C09-2C23-BB93-AFFE-5F29D0B8F7B5}.Debug|Any CPU.Build.0 = Debug|Any CPU
		{68402C09-2C23-BB93-AFFE-5F29D0B8F7B5}.Release|Any CPU.ActiveCfg = Release|Any CPU
		{68402C09-2C23-BB93-AFFE-5F29D0B8F7B5}.Release|Any CPU.Build.0 = Release|Any CPU
	EndGlobalSection
	GlobalSection(SolutionProperties) = preSolution
		HideSolutionNode = FALSE
	EndGlobalSection
EndGlobal
